
Microsoft Visual Studio Solution File, Format Version 12.00
# Visual Studio Version 17
VisualStudioVersion = 17.8.34511.84
MinimumVisualStudioVersion = 10.0.40219.1
Project("{FAE04EC0-301F-11D3-BF4B-00C04F79EFBC}") = "Reaper user interface", "Reaper user interface\Reaper user interface.csproj", "{43354D99-DC55-4BAA-870E-E5218F081DD9}"
EndProject
Global
	GlobalSection(SolutionConfigurationPlatforms) = preSolution
		Debug|Any CPU = Debug|Any CPU
		Release|Any CPU = Release|Any CPU
	EndGlobalSection
	GlobalSection(ProjectConfigurationPlatforms) = postSolution
		{43354D99-DC55-4BAA-870E-E5218F081DD9}.Debug|Any CPU.ActiveCfg = Debug|Any CPU
		{43354D99-DC55-4BAA-870E-E5218F081DD9}.Debug|Any CPU.Build.0 = Debug|Any CPU
		{43354D99-DC55-4BAA-870E-E5218F081DD9}.Release|Any CPU.ActiveCfg = Release|Any CPU
		{43354D99-DC55-4BAA-870E-E5218F081DD9}.Release|Any CPU.Build.0 = Release|Any CPU
	EndGlobalSection
	GlobalSection(SolutionProperties) = preSolution
		HideSolutionNode = FALSE
	EndGlobalSection
	GlobalSection(ExtensibilityGlobals) = postSolution
		SolutionGuid = {15403180-63AE-45D8-A54A-D60A66517A81}
	EndGlobalSection
EndGlobal
